Microsoft Visual Studio Solution File, Format Version 12.00
# Visual Studio Version 17
VisualStudioVersion = 17.5.2.0
MinimumVisualStudioVersion = 10.0.40219.1
Project("{FAE04EC0-301F-11D3-BF4B-00C04F79EFBC}") = "ItemProcessingApp", "ItemProcessingApp.csproj", "{AB63DB1E-10FC-2797-967A-B120BC463AAA}"
EndProject
Global
	GlobalSection(SolutionConfigurationPlatforms) = preSolution
		Debug|Any CPU = Debug|Any CPU
		Release|Any CPU = Release|Any CPU
	EndGlobalSection
	GlobalSection(ProjectConfigurationPlatforms) = postSolution
		{AB63DB1E-10FC-2797-967A-B120BC463AAA}.Debug|Any CPU.ActiveCfg = Debug|Any CPU
		{AB63DB1E-10FC-2797-967A-B120BC463AAA}.Debug|Any CPU.Build.0 = Debug|Any CPU
		{AB63DB1E-10FC-2797-967A-B120BC463AAA}.Release|Any CPU.ActiveCfg = Release|Any CPU
		{AB63DB1E-10FC-2797-967A-B120BC463AAA}.Release|Any CPU.Build.0 = Release|Any CPU
	EndGlobalSection
	GlobalSection(SolutionProperties) = preSolution
		HideSolutionNode = FALSE
	EndGlobalSection
	GlobalSection(ExtensibilityGlobals) = postSolution
		SolutionGuid = {732EA859-B28B-43FA-95CD-0558D966AC1E}
	EndGlobalSection
EndGlobal
